
Microsoft Visual Studio Solution File, Format Version 12.00
# Visual Studio Version 17
VisualStudioVersion = 17.2.32616.157
MinimumVisualStudioVersion = 10.0.40219.1
Project("{FAE04EC0-301F-11D3-BF4B-00C04F79EFBC}") = "BattleshipsTheGame", "BattleshipsTheGame\BattleshipsTheGame.csproj", "{A823671C-2FB5-4199-86D7-77D29D4C52CD}"
EndProject
Global
	GlobalSection(SolutionConfigurationPlatforms) = preSolution
		Debug|Any CPU = Debug|Any CPU
		Release|Any CPU = Release|Any CPU
	EndGlobalSection
	GlobalSection(ProjectConfigurationPlatforms) = postSolution
		{A823671C-2FB5-4199-86D7-77D29D4C52CD}.Debug|Any CPU.ActiveCfg = Debug|Any CPU
		{A823671C-2FB5-4199-86D7-77D29D4C52CD}.Debug|Any CPU.Build.0 = Debug|Any CPU
		{A823671C-2FB5-4199-86D7-77D29D4C52CD}.Release|Any CPU.ActiveCfg = Release|Any CPU
		{A823671C-2FB5-4199-86D7-77D29D4C52CD}.Release|Any CPU.Build.0 = Release|Any CPU
	EndGlobalSection
	GlobalSection(SolutionProperties) = preSolution
		HideSolutionNode = FALSE
	EndGlobalSection
	GlobalSection(ExtensibilityGlobals) = postSolution
		SolutionGuid = {5DD2D887-205A-4F92-8F4C-5A86222299CE}
	EndGlobalSection
EndGlobal
